// !$*UTF8*$!
{
	archiveVersion = 1;
	classes = {
	};
	objectVersion = 56;
	objects = {

/* Begin PBXBuildFile section */
		8B2D53952A346EF500A76F6A /* FirebaseAuth in Frameworks */ = {isa = PBXBuildFile; productRef = 8B2D53942A346EF500A76F6A /* FirebaseAuth */; };
		8B2D53972A346EF600A76F6A /* FirebaseFirestore in Frameworks */ = {isa = PBXBuildFile; productRef = 8B2D53962A346EF600A76F6A /* FirebaseFirestore */; };
		8B2D53992A346EF600A76F6A /* FirebaseStorage in Frameworks */ = {isa = PBXBuildFile; productRef = 8B2D53982A346EF600A76F6A /* FirebaseStorage */; };
		8B601B022A28A258005F0F17 /* TastyCourseApp.swift in Sources */ = {isa = PBXBuildFile; fileRef = 8B601B012A28A258005F0F17 /* TastyCourseApp.swift */; };
		8B601B042A28A258005F0F17 /* AuthView.swift in Sources */ = {isa = PBXBuildFile; fileRef = 8B601B032A28A258005F0F17 /* AuthView.swift */; };
		8B601B062A28A25A005F0F17 /* Assets.xcassets in Resources */ = {isa = PBXBuildFile; fileRef = 8B601B052A28A25A005F0F17 /* Assets.xcassets */; };
		8B601B092A28A25A005F0F17 /* Preview Assets.xcassets in Resources */ = {isa = PBXBuildFile; fileRef = 8B601B082A28A25A005F0F17 /* Preview Assets.xcassets */; };
		8B601B102A28B432005F0F17 /* TabBarView.swift in Sources */ = {isa = PBXBuildFile; fileRef = 8B601B0F2A28B432005F0F17 /* TabBarView.swift */; };
		8B601B122A28B6FC005F0F17 /* CartView.swift in Sources */ = {isa = PBXBuildFile; fileRef = 8B601B112A28B6FC005F0F17 /* CartView.swift */; };
		8B601B142A28B712005F0F17 /* CatalogView.swift in Sources */ = {isa = PBXBuildFile; fileRef = 8B601B132A28B712005F0F17 /* CatalogView.swift */; };
		8B601B162A28B722005F0F17 /* ProfileView.swift in Sources */ = {isa = PBXBuildFile; fileRef = 8B601B152A28B722005F0F17 /* ProfileView.swift */; };
		8B601B192A28B8C2005F0F17 /* ProductModel.swift in Sources */ = {isa = PBXBuildFile; fileRef = 8B601B182A28B8C2005F0F17 /* ProductModel.swift */; };
		8B601B1D2A28BA31005F0F17 /* ProductCell.swift in Sources */ = {isa = PBXBuildFile; fileRef = 8B601B1C2A28BA31005F0F17 /* ProductCell.swift */; };
		8B601B202A28D594005F0F17 /* CatalogViewModel.swift in Sources */ = {isa = PBXBuildFile; fileRef = 8B601B1F2A28D594005F0F17 /* CatalogViewModel.swift */; };
		8B601B222A28DC48005F0F17 /* ProductDetailView.swift in Sources */ = {isa = PBXBuildFile; fileRef = 8B601B212A28DC48005F0F17 /* ProductDetailView.swift */; };
		8B601B262A28E417005F0F17 /* ProductDetailViewModel.swift in Sources */ = {isa = PBXBuildFile; fileRef = 8B601B252A28E417005F0F17 /* ProductDetailViewModel.swift */; };
		8BB141E92A31F2E000FD9E51 /* PositionCell.swift in Sources */ = {isa = PBXBuildFile; fileRef = 8BB141E82A31F2E000FD9E51 /* PositionCell.swift */; };
		8BB524E02A29E03700F5BC82 /* CartViewModel.swift in Sources */ = {isa = PBXBuildFile; fileRef = 8BB524DF2A29E03700F5BC82 /* CartViewModel.swift */; };
		8BB524E22A29E06600F5BC82 /* Positions.swift in Sources */ = {isa = PBXBuildFile; fileRef = 8BB524E12A29E06600F5BC82 /* Positions.swift */; };
		8BB77A842A34885200F6131E /* AuthService.swift in Sources */ = {isa = PBXBuildFile; fileRef = 8BB77A832A34885200F6131E /* AuthService.swift */; };
		8BB77A892A349D6700F6131E /* GoogleService-Info.plist in Resources */ = {isa = PBXBuildFile; fileRef = 8BB77A882A349D6700F6131E /* GoogleService-Info.plist */; };
		8BB77A8B2A34A10400F6131E /* TabBarViewModel.swift in Sources */ = {isa = PBXBuildFile; fileRef = 8BB77A8A2A34A10400F6131E /* TabBarViewModel.swift */; };
/* End PBXBuildFile section */

/* Begin PBXFileReference section */
		8B601AFE2A28A258005F0F17 /* TastyCourse.app */ = {isa = PBXFileReference; explicitFileType = wrapper.application; includeInIndex = 0; path = TastyCourse.app; sourceTree = BUILT_PRODUCTS_DIR; };
		8B601B012A28A258005F0F17 /* TastyCourseApp.swift */ = {isa = PBXFileReference; lastKnownFileType = sourcecode.swift; path = TastyCourseApp.swift; sourceTree = "<group>"; };
		8B601B032A28A258005F0F17 /* AuthView.swift */ = {isa = PBXFileReference; lastKnownFileType = sourcecode.swift; path = AuthView.swift; sourceTree = "<group>"; };
		8B601B052A28A25A005F0F17 /* Assets.xcassets */ = {isa = PBXFileReference; lastKnownFileType = folder.assetcatalog; path = Assets.xcassets; sourceTree = "<group>"; };
		8B601B082A28A25A005F0F17 /* Preview Assets.xcassets */ = {isa = PBXFileReference; lastKnownFileType = folder.assetcatalog; path = "Preview Assets.xcassets"; sourceTree = "<group>"; };
		8B601B0F2A28B432005F0F17 /* TabBarView.swift */ = {isa = PBXFileReference; lastKnownFileType = sourcecode.swift; path = TabBarView.swift; sourceTree = "<group>"; };
		8B601B112A28B6FC005F0F17 /* CartView.swift */ = {isa = PBXFileReference; lastKnownFileType = sourcecode.swift; path = CartView.swift; sourceTree = "<group>"; };
		8B601B132A28B712005F0F17 /* CatalogView.swift */ = {isa = PBXFileReference; lastKnownFileType = sourcecode.swift; path = CatalogView.swift; sourceTree = "<group>"; };
		8B601B152A28B722005F0F17 /* ProfileView.swift */ = {isa = PBXFileReference; lastKnownFileType = sourcecode.swift; path = ProfileView.swift; sourceTree = "<group>"; };
		8B601B182A28B8C2005F0F17 /* ProductModel.swift */ = {isa = PBXFileReference; lastKnownFileType = sourcecode.swift; path = ProductModel.swift; sourceTree = "<group>"; };
		8B601B1C2A28BA31005F0F17 /* ProductCell.swift */ = {isa = PBXFileReference; lastKnownFileType = sourcecode.swift; path = ProductCell.swift; sourceTree = "<group>"; };
		8B601B1F2A28D594005F0F17 /* CatalogViewModel.swift */ = {isa = PBXFileReference; lastKnownFileType = sourcecode.swift; path = CatalogViewModel.swift; sourceTree = "<group>"; };
		8B601B212A28DC48005F0F17 /* ProductDetailView.swift */ = {isa = PBXFileReference; lastKnownFileType = sourcecode.swift; path = ProductDetailView.swift; sourceTree = "<group>"; };
		8B601B252A28E417005F0F17 /* ProductDetailViewModel.swift */ = {isa = PBXFileReference; lastKnownFileType = sourcecode.swift; path = ProductDetailViewModel.swift; sourceTree = "<group>"; };
		8BB141E82A31F2E000FD9E51 /* PositionCell.swift */ = {isa = PBXFileReference; lastKnownFileType = sourcecode.swift; path = PositionCell.swift; sourceTree = "<group>"; };
		8BB524DF2A29E03700F5BC82 /* CartViewModel.swift */ = {isa = PBXFileReference; lastKnownFileType = sourcecode.swift; path = CartViewModel.swift; sourceTree = "<group>"; };
		8BB524E12A29E06600F5BC82 /* Positions.swift */ = {isa = PBXFileReference; lastKnownFileType = sourcecode.swift; path = Positions.swift; sourceTree = "<group>"; };
		8BB77A832A34885200F6131E /* AuthService.swift */ = {isa = PBXFileReference; lastKnownFileType = sourcecode.swift; path = AuthService.swift; sourceTree = "<group>"; };
		8BB77A882A349D6700F6131E /* GoogleService-Info.plist */ = {isa = PBXFileReference; fileEncoding = 4; lastKnownFileType = text.plist.xml; path = "GoogleService-Info.plist"; sourceTree = "<group>"; };
		8BB77A8A2A34A10400F6131E /* TabBarViewModel.swift */ = {isa = PBXFileReference; lastKnownFileType = sourcecode.swift; path = TabBarViewModel.swift; sourceTree = "<group>"; };
/* End PBXFileReference section */

/* Begin PBXFrameworksBuildPhase section */
		8B601AFB2A28A258005F0F17 /* Frameworks */ = {
			isa = PBXFrameworksBuildPhase;
			buildActionMask = 2147483647;
			files = (
				8B2D53952A346EF500A76F6A /* FirebaseAuth in Frameworks */,
				8B2D53972A346EF600A76F6A /* FirebaseFirestore in Frameworks */,
				8B2D53992A346EF600A76F6A /* FirebaseStorage in Frameworks */,
			);
			runOnlyForDeploymentPostprocessing = 0;
		};
/* End PBXFrameworksBuildPhase section */

/* Begin PBXGroup section */
		8B601AF52A28A258005F0F17 = {
			isa = PBXGroup;
			children = (
				8B601B002A28A258005F0F17 /* TastyCourse */,
				8B601AFF2A28A258005F0F17 /* Products */,
			);
			sourceTree = "<group>";
		};
		8B601AFF2A28A258005F0F17 /* Products */ = {
			isa = PBXGroup;
			children = (
				8B601AFE2A28A258005F0F17 /* TastyCourse.app */,
			);
			name = Products;
			sourceTree = "<group>";
		};
		8B601B002A28A258005F0F17 /* TastyCourse */ = {
			isa = PBXGroup;
			children = (
				8B601B012A28A258005F0F17 /* TastyCourseApp.swift */,
				8BB77A852A34886500F6131E /* Services */,
				8B601B1A2A28B8D1005F0F17 /* Model */,
				8B601B172A28B891005F0F17 /* View */,
				8B601B1E2A28D56A005F0F17 /* ViewModel */,
				8B601B052A28A25A005F0F17 /* Assets.xcassets */,
				8BB77A882A349D6700F6131E /* GoogleService-Info.plist */,
				8B601B072A28A25A005F0F17 /* Preview Content */,
			);
			path = TastyCourse;
			sourceTree = "<group>";
		};
		8B601B072A28A25A005F0F17 /* Preview Content */ = {
			isa = PBXGroup;
			children = (
				8B601B082A28A25A005F0F17 /* Preview Assets.xcassets */,
			);
			path = "Preview Content";
			sourceTree = "<group>";
		};
		8B601B172A28B891005F0F17 /* View */ = {
			isa = PBXGroup;
			children = (
				8B601B032A28A258005F0F17 /* AuthView.swift */,
				8B601B0F2A28B432005F0F17 /* TabBarView.swift */,
				8B601B112A28B6FC005F0F17 /* CartView.swift */,
				8B601B132A28B712005F0F17 /* CatalogView.swift */,
				8B601B212A28DC48005F0F17 /* ProductDetailView.swift */,
				8B601B152A28B722005F0F17 /* ProfileView.swift */,
				8B601B1B2A28BA02005F0F17 /* Components */,
			);
			path = View;
			sourceTree = "<group>";
		};
		8B601B1A2A28B8D1005F0F17 /* Model */ = {
			isa = PBXGroup;
			children = (
				8B601B182A28B8C2005F0F17 /* ProductModel.swift */,
				8BB524E12A29E06600F5BC82 /* Positions.swift */,
			);
			path = Model;
			sourceTree = "<group>";
		};
		8B601B1B2A28BA02005F0F17 /* Components */ = {
			isa = PBXGroup;
			children = (
				8B601B1C2A28BA31005F0F17 /* ProductCell.swift */,
				8BB141E82A31F2E000FD9E51 /* PositionCell.swift */,
			);
			path = Components;
			sourceTree = "<group>";
		};
		8B601B1E2A28D56A005F0F17 /* ViewModel */ = {
			isa = PBXGroup;
			children = (
				8B601B1F2A28D594005F0F17 /* CatalogViewModel.swift */,
				8B601B252A28E417005F0F17 /* ProductDetailViewModel.swift */,
				8BB524DF2A29E03700F5BC82 /* CartViewModel.swift */,
				8BB77A8A2A34A10400F6131E /* TabBarViewModel.swift */,
			);
			path = ViewModel;
			sourceTree = "<group>";
		};
		8BB77A852A34886500F6131E /* Services */ = {
			isa = PBXGroup;
			children = (
				8BB77A832A34885200F6131E /* AuthService.swift */,
			);
			path = Services;
			sourceTree = "<group>";
		};
/* End PBXGroup section */

/* Begin PBXNativeTarget section */
		8B601AFD2A28A258005F0F17 /* TastyCourse */ = {
			isa = PBXNativeTarget;
			buildConfigurationList = 8B601B0C2A28A25A005F0F17 /* Build configuration list for PBXNativeTarget "TastyCourse" */;
			buildPhases = (
				8B601AFA2A28A258005F0F17 /* Sources */,
				8B601AFB2A28A258005F0F17 /* Frameworks */,
				8B601AFC2A28A258005F0F17 /* Resources */,
			);
			buildRules = (
			);
			dependencies = (
			);
			name = TastyCourse;
			packageProductDependencies = (
				8B2D53942A346EF500A76F6A /* FirebaseAuth */,
				8B2D53962A346EF600A76F6A /* FirebaseFirestore */,
				8B2D53982A346EF600A76F6A /* FirebaseStorage */,
			);
			productName = TastyCourse;
			productReference = 8B601AFE2A28A258005F0F17 /* TastyCourse.app */;
			productType = "com.apple.product-type.application";
		};
/* End PBXNativeTarget section */

/* Begin PBXProject section */
		8B601AF62A28A258005F0F17 /* Project object */ = {
			isa = PBXProject;
			attributes = {
				BuildIndependentTargetsInParallel = 1;
				LastSwiftUpdateCheck = 1430;
				LastUpgradeCheck = 1430;
				TargetAttributes = {
					8B601AFD2A28A258005F0F17 = {
						CreatedOnToolsVersion = 14.3;
					};
				};
			};
			buildConfigurationList = 8B601AF92A28A258005F0F17 /* Build configuration list for PBXProject "TastyCourse" */;
			compatibilityVersion = "Xcode 14.0";
			developmentRegion = en;
			hasScannedForEncodings = 0;
			knownRegions = (
				en,
				Base,
			);
			mainGroup = 8B601AF52A28A258005F0F17;
			packageReferences = (
				8B2D53932A346EF500A76F6A /* XCRemoteSwiftPackageReference "firebase-ios-sdk" */,
			);
			productRefGroup = 8B601AFF2A28A258005F0F17 /* Products */;
			projectDirPath = "";
			projectRoot = "";
			targets = (
				8B601AFD2A28A258005F0F17 /* TastyCourse */,
			);
		};
/* End PBXProject section */

/* Begin PBXResourcesBuildPhase section */
		8B601AFC2A28A258005F0F17 /* Resources */ = {
			isa = PBXResourcesBuildPhase;
			buildActionMask = 2147483647;
			files = (
				8B601B092A28A25A005F0F17 /* Preview Assets.xcassets in Resources */,
				8B601B062A28A25A005F0F17 /* Assets.xcassets in Resources */,
				8BB77A892A349D6700F6131E /* GoogleService-Info.plist in Resources */,
			);
			runOnlyForDeploymentPostprocessing = 0;
		};
/* End PBXResourcesBuildPhase section */

/* Begin PBXSourcesBuildPhase section */
		8B601AFA2A28A258005F0F17 /* Sources */ = {
			isa = PBXSourcesBuildPhase;
			buildActionMask = 2147483647;
			files = (
				8BB524E02A29E03700F5BC82 /* CartViewModel.swift in Sources */,
				8B601B042A28A258005F0F17 /* AuthView.swift in Sources */,
				8B601B222A28DC48005F0F17 /* ProductDetailView.swift in Sources */,
				8B601B102A28B432005F0F17 /* TabBarView.swift in Sources */,
				8B601B122A28B6FC005F0F17 /* CartView.swift in Sources */,
				8B601B022A28A258005F0F17 /* TastyCourseApp.swift in Sources */,
				8BB141E92A31F2E000FD9E51 /* PositionCell.swift in Sources */,
				8B601B262A28E417005F0F17 /* ProductDetailViewModel.swift in Sources */,
				8BB77A8B2A34A10400F6131E /* TabBarViewModel.swift in Sources */,
				8BB524E22A29E06600F5BC82 /* Positions.swift in Sources */,
				8B601B162A28B722005F0F17 /* ProfileView.swift in Sources */,
				8B601B1D2A28BA31005F0F17 /* ProductCell.swift in Sources */,
				8B601B192A28B8C2005F0F17 /* ProductModel.swift in Sources */,
				8BB77A842A34885200F6131E /* AuthService.swift in Sources */,
				8B601B142A28B712005F0F17 /* CatalogView.swift in Sources */,
				8B601B202A28D594005F0F17 /* CatalogViewModel.swift in Sources */,
			);
			runOnlyForDeploymentPostprocessing = 0;
		};
/* End PBXSourcesBuildPhase section */

/* Begin XCBuildConfiguration section */
		8B601B0A2A28A25A005F0F17 /* Debug */ = {
			isa = XCBuildConfiguration;
			buildSettings = {
				ALWAYS_SEARCH_USER_PATHS = NO;
				CLANG_ANALYZER_NONNULL = YES;
				CLANG_ANALYZER_NUMBER_OBJECT_CONVERSION = YES_AGGRESSIVE;
				CLANG_CXX_LANGUAGE_STANDARD = "gnu++20";
				CLANG_ENABLE_MODULES = YES;
				CLANG_ENABLE_OBJC_ARC = YES;
				CLANG_ENABLE_OBJC_WEAK = YES;
				CLANG_WARN_BLOCK_CAPTURE_AUTORELEASING = YES;
				CLANG_WARN_BOOL_CONVERSION = YES;
				CLANG_WARN_COMMA = YES;
				CLANG_WARN_CONSTANT_CONVERSION = YES;
				CLANG_WARN_DEPRECATED_OBJC_IMPLEMENTATIONS = YES;
				CLANG_WARN_DIRECT_OBJC_ISA_USAGE = YES_ERROR;
				CLANG_WARN_DOCUMENTATION_COMMENTS = YES;
				CLANG_WARN_EMPTY_BODY = YES;
				CLANG_WARN_ENUM_CONVERSION = YES;
				CLANG_WARN_INFINITE_RECURSION = YES;
				CLANG_WARN_INT_CONVERSION = YES;
				CLANG_WARN_NON_LITERAL_NULL_CONVERSION = YES;
				CLANG_WARN_OBJC_IMPLICIT_RETAIN_SELF = YES;
				CLANG_WARN_OBJC_LITERAL_CONVERSION = YES;
				CLANG_WARN_OBJC_ROOT_CLASS = YES_ERROR;
				CLANG_WARN_QUOTED_INCLUDE_IN_FRAMEWORK_HEADER = YES;
				CLANG_WARN_RANGE_LOOP_ANALYSIS = YES;
				CLANG_WARN_STRICT_PROTOTYPES = YES;
				CLANG_WARN_SUSPICIOUS_MOVE = YES;
				CLANG_WARN_UNGUARDED_AVAILABILITY = YES_AGGRESSIVE;
				CLANG_WARN_UNREACHABLE_CODE = YES;
				CLANG_WARN__DUPLICATE_METHOD_MATCH = YES;
				COPY_PHASE_STRIP = NO;
				DEBUG_INFORMATION_FORMAT = dwarf;
				ENABLE_STRICT_OBJC_MSGSEND = YES;
				ENABLE_TESTABILITY = YES;
				GCC_C_LANGUAGE_STANDARD = gnu11;
				GCC_DYNAMIC_NO_PIC = NO;
				GCC_NO_COMMON_BLOCKS = YES;
				GCC_OPTIMIZATION_LEVEL = 0;
				GCC_PREPROCESSOR_DEFINITIONS = (
					"DEBUG=1",
					"$(inherited)",
				);
				GCC_WARN_64_TO_32_BIT_CONVERSION = YES;
				GCC_WARN_ABOUT_RETURN_TYPE = YES_ERROR;
				GCC_WARN_UNDECLARED_SELECTOR = YES;
				GCC_WARN_UNINITIALIZED_AUTOS = YES_AGGRESSIVE;
				GCC_WARN_UNUSED_FUNCTION = YES;
				GCC_WARN_UNUSED_VARIABLE = YES;
				IPHONEOS_DEPLOYMENT_TARGET = 16.4;
				MTL_ENABLE_DEBUG_INFO = INCLUDE_SOURCE;
				MTL_FAST_MATH = YES;
				ONLY_ACTIVE_ARCH = YES;
				SDKROOT = iphoneos;
				SWIFT_ACTIVE_COMPILATION_CONDITIONS = DEBUG;
				SWIFT_OPTIMIZATION_LEVEL = "-Onone";
			};
			name = Debug;
		};
		8B601B0B2A28A25A005F0F17 /* Release */ = {
			isa = XCBuildConfiguration;
			buildSettings = {
				ALWAYS_SEARCH_USER_PATHS = NO;
				CLANG_ANALYZER_NONNULL = YES;
				CLANG_ANALYZER_NUMBER_OBJECT_CONVERSION = YES_AGGRESSIVE;
				CLANG_CXX_LANGUAGE_STANDARD = "gnu++20";
				CLANG_ENABLE_MODULES = YES;
				CLANG_ENABLE_OBJC_ARC = YES;
				CLANG_ENABLE_OBJC_WEAK = YES;
				CLANG_WARN_BLOCK_CAPTURE_AUTORELEASING = YES;
				CLANG_WARN_BOOL_CONVERSION = YES;
				CLANG_WARN_COMMA = YES;
				CLANG_WARN_CONSTANT_CONVERSION = YES;
				CLANG_WARN_DEPRECATED_OBJC_IMPLEMENTATIONS = YES;
				CLANG_WARN_DIRECT_OBJC_ISA_USAGE = YES_ERROR;
				CLANG_WARN_DOCUMENTATION_COMMENTS = YES;
				CLANG_WARN_EMPTY_BODY = YES;
				CLANG_WARN_ENUM_CONVERSION = YES;
				CLANG_WARN_INFINITE_RECURSION = YES;
				CLANG_WARN_INT_CONVERSION = YES;
				CLANG_WARN_NON_LITERAL_NULL_CONVERSION = YES;
				CLANG_WARN_OBJC_IMPLICIT_RETAIN_SELF = YES;
				CLANG_WARN_OBJC_LITERAL_CONVERSION = YES;
				CLANG_WARN_OBJC_ROOT_CLASS = YES_ERROR;
				CLANG_WARN_QUOTED_INCLUDE_IN_FRAMEWORK_HEADER = YES;
				CLANG_WARN_RANGE_LOOP_ANALYSIS = YES;
				CLANG_WARN_STRICT_PROTOTYPES = YES;
				CLANG_WARN_SUSPICIOUS_MOVE = YES;
				CLANG_WARN_UNGUARDED_AVAILABILITY = YES_AGGRESSIVE;
				CLANG_WARN_UNREACHABLE_CODE = YES;
				CLANG_WARN__DUPLICATE_METHOD_MATCH = YES;
				COPY_PHASE_STRIP = NO;
				DEBUG_INFORMATION_FORMAT = "dwarf-with-dsym";
				ENABLE_NS_ASSERTIONS = NO;
				ENABLE_STRICT_OBJC_MSGSEND = YES;
				GCC_C_LANGUAGE_STANDARD = gnu11;
				GCC_NO_COMMON_BLOCKS = YES;
				GCC_WARN_64_TO_32_BIT_CONVERSION = YES;
				GCC_WARN_ABOUT_RETURN_TYPE = YES_ERROR;
				GCC_WARN_UNDECLARED_SELECTOR = YES;
				GCC_WARN_UNINITIALIZED_AUTOS = YES_AGGRESSIVE;
				GCC_WARN_UNUSED_FUNCTION = YES;
				GCC_WARN_UNUSED_VARIABLE = YES;
				IPHONEOS_DEPLOYMENT_TARGET = 16.4;
				MTL_ENABLE_DEBUG_INFO = NO;
				MTL_FAST_MATH = YES;
				SDKROOT = iphoneos;
				SWIFT_COMPILATION_MODE = wholemodule;
				SWIFT_OPTIMIZATION_LEVEL = "-O";
				VALIDATE_PRODUCT = YES;
			};
			name = Release;
		};
		8B601B0D2A28A25A005F0F17 /* Debug */ = {
			isa = XCBuildConfiguration;
			buildSettings = {
				ASSETCATALOG_COMPILER_APPICON_NAME = AppIcon;
				ASSETCATALOG_COMPILER_GLOBAL_ACCENT_COLOR_NAME = AccentColor;
				CODE_SIGN_STYLE = Automatic;
				CURRENT_PROJECT_VERSION = 1;
				DEVELOPMENT_ASSET_PATHS = "\"TastyCourse/Preview Content\"";
				ENABLE_PREVIEWS = YES;
				GENERATE_INFOPLIST_FILE = YES;
				INFOPLIST_KEY_UIApplicationSceneManifest_Generation = YES;
				INFOPLIST_KEY_UIApplicationSupportsIndirectInputEvents = YES;
				INFOPLIST_KEY_UILaunchScreen_Generation = YES;
				INFOPLIST_KEY_UISupportedInterfaceOrientations_iPad = "UIInterfaceOrientationPortrait UIInterfaceOrientationPortraitUpsideDown UIInterfaceOrientationLandscapeLeft UIInterfaceOrientationLandscapeRight";
				INFOPLIST_KEY_UISupportedInterfaceOrientations_iPhone = "UIInterfaceOrientationPortrait UIInterfaceOrientationLandscapeLeft UIInterfaceOrientationLandscapeRight";
				LD_RUNPATH_SEARCH_PATHS = (
					"$(inherited)",
					"@executable_path/Frameworks",
				);
				MARKETING_VERSION = 1.0;
				PRODUCT_BUNDLE_IDENTIFIER = myteam.TastyCourse;
				PRODUCT_NAME = "$(TARGET_NAME)";
				SUPPORTED_PLATFORMS = "iphoneos iphonesimulator";
				SUPPORTS_MACCATALYST = NO;
				SUPPORTS_MAC_DESIGNED_FOR_IPHONE_IPAD = NO;
				SWIFT_EMIT_LOC_STRINGS = YES;
				SWIFT_VERSION = 5.0;
				TARGETED_DEVICE_FAMILY = 1;
			};
			name = Debug;
		};
		8B601B0E2A28A25A005F0F17 /* Release */ = {
			isa = XCBuildConfiguration;
			buildSettings = {
				ASSETCATALOG_COMPILER_APPICON_NAME = AppIcon;
				ASSETCATALOG_COMPILER_GLOBAL_ACCENT_COLOR_NAME = AccentColor;
				CODE_SIGN_STYLE = Automatic;
				CURRENT_PROJECT_VERSION = 1;
				DEVELOPMENT_ASSET_PATHS = "\"TastyCourse/Preview Content\"";
				ENABLE_PREVIEWS = YES;
				GENERATE_INFOPLIST_FILE = YES;
				INFOPLIST_KEY_UIApplicationSceneManifest_Generation = YES;
				INFOPLIST_KEY_UIApplicationSupportsIndirectInputEvents = YES;
				INFOPLIST_KEY_UILaunchScreen_Generation = YES;
				INFOPLIST_KEY_UISupportedInterfaceOrientations_iPad = "UIInterfaceOrientationPortrait UIInterfaceOrientationPortraitUpsideDown UIInterfaceOrientationLandscapeLeft UIInterfaceOrientationLandscapeRight";
				INFOPLIST_KEY_UISupportedInterfaceOrientations_iPhone = "UIInterfaceOrientationPortrait UIInterfaceOrientationLandscapeLeft UIInterfaceOrientationLandscapeRight";
				LD_RUNPATH_SEARCH_PATHS = (
					"$(inherited)",
					"@executable_path/Frameworks",
				);
				MARKETING_VERSION = 1.0;
				PRODUCT_BUNDLE_IDENTIFIER = myteam.TastyCourse;
				PRODUCT_NAME = "$(TARGET_NAME)";
				SUPPORTED_PLATFORMS = "iphoneos iphonesimulator";
				SUPPORTS_MACCATALYST = NO;
				SUPPORTS_MAC_DESIGNED_FOR_IPHONE_IPAD = NO;
				SWIFT_EMIT_LOC_STRINGS = YES;
				SWIFT_VERSION = 5.0;
				TARGETED_DEVICE_FAMILY = 1;
			};
			name = Release;
		};
/* End XCBuildConfiguration section */

/* Begin XCConfigurationList section */
		8B601AF92A28A258005F0F17 /* Build configuration list for PBXProject "TastyCourse" */ = {
			isa = XCConfigurationList;
			buildConfigurations = (
				8B601B0A2A28A25A005F0F17 /* Debug */,
				8B601B0B2A28A25A005F0F17 /* Release */,
			);
			defaultConfigurationIsVisible = 0;
			defaultConfigurationName = Release;
		};
		8B601B0C2A28A25A005F0F17 /* Build configuration list for PBXNativeTarget "TastyCourse" */ = {
			isa = XCConfigurationList;
			buildConfigurations = (
				8B601B0D2A28A25A005F0F17 /* Debug */,
				8B601B0E2A28A25A005F0F17 /* Release */,
			);
			defaultConfigurationIsVisible = 0;
			defaultConfigurationName = Release;
		};
/* End XCConfigurationList section */

/* Begin XCRemoteSwiftPackageReference section */
		8B2D53932A346EF500A76F6A /* XCRemoteSwiftPackageReference "firebase-ios-sdk" */ = {
			isa = XCRemoteSwiftPackageReference;
			repositoryURL = "https://github.com/firebase/firebase-ios-sdk";
			requirement = {
				kind = upToNextMajorVersion;
				minimumVersion = 10.0.0;
			};
		};
/* End XCRemoteSwiftPackageReference section */

/* Begin XCSwiftPackageProductDependency section */
		8B2D53942A346EF500A76F6A /* FirebaseAuth */ = {
			isa = XCSwiftPackageProductDependency;
			package = 8B2D53932A346EF500A76F6A /* XCRemoteSwiftPackageReference "firebase-ios-sdk" */;
			productName = FirebaseAuth;
		};
		8B2D53962A346EF600A76F6A /* FirebaseFirestore */ = {
			isa = XCSwiftPackageProductDependency;
			package = 8B2D53932A346EF500A76F6A /* XCRemoteSwiftPackageReference "firebase-ios-sdk" */;
			productName = FirebaseFirestore;
		};
		8B2D53982A346EF600A76F6A /* FirebaseStorage */ = {
			isa = XCSwiftPackageProductDependency;
			package = 8B2D53932A346EF500A76F6A /* XCRemoteSwiftPackageReference "firebase-ios-sdk" */;
			productName = FirebaseStorage;
		};
/* End XCSwiftPackageProductDependency section */
	};
	rootObject = 8B601AF62A28A258005F0F17 /* Project object */;
}
